
Microsoft Visual Studio Solution File, Format Version 12.00
# Visual Studio 15
VisualStudioVersion = 15.0.27004.2006
MinimumVisualStudioVersion = 10.0.40219.1
Project("{8BC9CEB8-8B4A-11D0-8D11-00A0C91BC942}") = "Nuclear Engine", "Nuclear Engine\Nuclear Engine.vcxproj", "{1E657253-3D76-4C77-A747-4D85EEFA91DA}"
EndProject
Project("{8BC9CEB8-8B4A-11D0-8D11-00A0C91BC942}") = "Samples", "Samples\Samples.vcxproj", "{2C26B9B9-5974-4E9E-BA97-7107056F82AC}"
	ProjectSection(ProjectDependencies) = postProject
		{1E657253-3D76-4C77-A747-4D85EEFA91DA} = {1E657253-3D76-4C77-A747-4D85EEFA91DA}
	EndProjectSection
EndProject
Project("{8BC9CEB8-8B4A-11D0-8D11-00A0C91BC942}") = "SFML", "SFML\SFML.vcxproj", "{F2183A10-A26F-4A58-A4EB-DBD2B8D41801}"
EndProject
Global
	GlobalSection(SolutionConfigurationPlatforms) = preSolution
		Debug|x64 = Debug|x64
		Debug|x86 = Debug|x86
		Release|x64 = Release|x64
		Release|x86 = Release|x86
	EndGlobalSection
	GlobalSection(ProjectConfigurationPlatforms) = postSolution
		{1E657253-3D76-4C77-A747-4D85EEFA91DA}.Debug|x64.ActiveCfg = Debug|x64
		{1E657253-3D76-4C77-A747-4D85EEFA91DA}.Debug|x64.Build.0 = Debug|x64
		{1E657253-3D76-4C77-A747-4D85EEFA91DA}.Debug|x86.ActiveCfg = Debug|Win32
		{1E657253-3D76-4C77-A747-4D85EEFA91DA}.Debug|x86.Build.0 = Debug|Win32
		{1E657253-3D76-4C77-A747-4D85EEFA91DA}.Release|x64.ActiveCfg = Release|x64
		{1E657253-3D76-4C77-A747-4D85EEFA91DA}.Release|x64.Build.0 = Release|x64
		{1E657253-3D76-4C77-A747-4D85EEFA91DA}.Release|x86.ActiveCfg = Release|Win32
		{1E657253-3D76-4C77-A747-4D85EEFA91DA}.Release|x86.Build.0 = Release|Win32
		{2C26B9B9-5974-4E9E-BA97-7107056F82AC}.Debug|x64.ActiveCfg = Debug|x64
		{2C26B9B9-5974-4E9E-BA97-7107056F82AC}.Debug|x64.Build.0 = Debug|x64
		{2C26B9B9-5974-4E9E-BA97-7107056F82AC}.Debug|x86.ActiveCfg = Debug|Win32
		{2C26B9B9-5974-4E9E-BA97-7107056F82AC}.Debug|x86.Build.0 = Debug|Win32
		{2C26B9B9-5974-4E9E-BA97-7107056F82AC}.Release|x64.ActiveCfg = Release|x64
		{2C26B9B9-5974-4E9E-BA97-7107056F82AC}.Release|x64.Build.0 = Release|x64
		{2C26B9B9-5974-4E9E-BA97-7107056F82AC}.Release|x86.ActiveCfg = Release|Win32
		{2C26B9B9-5974-4E9E-BA97-7107056F82AC}.Release|x86.Build.0 = Release|Win32
		{F2183A10-A26F-4A58-A4EB-DBD2B8D41801}.Debug|x64.ActiveCfg = Debug|x64
		{F2183A10-A26F-4A58-A4EB-DBD2B8D41801}.Debug|x64.Build.0 = Debug|x64
		{F2183A10-A26F-4A58-A4EB-DBD2B8D41801}.Debug|x86.ActiveCfg = Debug|Win32
		{F2183A10-A26F-4A58-A4EB-DBD2B8D41801}.Debug|x86.Build.0 = Debug|Win32
		{F2183A10-A26F-4A58-A4EB-DBD2B8D41801}.Release|x64.ActiveCfg = Release|x64
		{F2183A10-A26F-4A58-A4EB-DBD2B8D41801}.Release|x64.Build.0 = Release|x64
		{F2183A10-A26F-4A58-A4EB-DBD2B8D41801}.Release|x86.ActiveCfg = Release|Win32
		{F2183A10-A26F-4A58-A4EB-DBD2B8D41801}.Release|x86.Build.0 = Release|Win32
	EndGlobalSection
	GlobalSection(SolutionProperties) = preSolution
		HideSolutionNode = FALSE
	EndGlobalSection
	GlobalSection(ExtensibilityGlobals) = postSolution
		SolutionGuid = {C6B8DEBD-0C9D-49D8-85CC-2148DD112CDF}
	EndGlobalSection
EndGlobal
