
Microsoft Visual Studio Solution File, Format Version 12.00
# Visual Studio 15
VisualStudioVersion = 15.0.27004.2006
MinimumVisualStudioVersion = 10.0.40219.1
Project("{8BC9CEB8-8B4A-11D0-8D11-00A0C91BC942}") = "Nuclear Engine", "Nuclear Engine\Nuclear Engine.vcxproj", "{1E657253-3D76-4C77-A747-4D85EEFA91DA}"
	ProjectSection(ProjectDependencies) = postProject
		{7EDE5204-8623-4AC2-89EA-9F2B9B092E34} = {7EDE5204-8623-4AC2-89EA-9F2B9B092E34}
		{4D9D0C3D-7C34-48A6-910A-64D3686975E1} = {4D9D0C3D-7C34-48A6-910A-64D3686975E1}
		{922FDF6B-9C6E-4166-BF3C-400EAEEAB3CC} = {922FDF6B-9C6E-4166-BF3C-400EAEEAB3CC}
		{C7945EB1-9E92-4E2F-8D46-DC66EFED5BE0} = {C7945EB1-9E92-4E2F-8D46-DC66EFED5BE0}
		{F9002EC3-ADAC-4206-9EA1-164F9EB5C2F1} = {F9002EC3-ADAC-4206-9EA1-164F9EB5C2F1}
		{1FEF9AED-B8F9-4654-8583-DD710262BC27} = {1FEF9AED-B8F9-4654-8583-DD710262BC27}
	EndProjectSection
EndProject
Project("{8BC9CEB8-8B4A-11D0-8D11-00A0C91BC942}") = "Demo", "Demo\Demo.vcxproj", "{2C26B9B9-5974-4E9E-BA97-7107056F82AC}"
	ProjectSection(ProjectDependencies) = postProject
		{1E657253-3D76-4C77-A747-4D85EEFA91DA} = {1E657253-3D76-4C77-A747-4D85EEFA91DA}
	EndProjectSection
EndProject
Project("{8BC9CEB8-8B4A-11D0-8D11-00A0C91BC942}") = "Nuclear Platform", "Nuclear Platform\Nuclear Platform.vcxproj", "{1FEF9AED-B8F9-4654-8583-DD710262BC27}"
	ProjectSection(ProjectDependencies) = postProject
		{4D9D0C3D-7C34-48A6-910A-64D3686975E1} = {4D9D0C3D-7C34-48A6-910A-64D3686975E1}
	EndProjectSection
EndProject
Project("{8BC9CEB8-8B4A-11D0-8D11-00A0C91BC942}") = "Nuclear Renderer Base", "Nuclear Renderer Base\Nuclear Renderer Base.vcxproj", "{C7945EB1-9E92-4E2F-8D46-DC66EFED5BE0}"
EndProject
Project("{8BC9CEB8-8B4A-11D0-8D11-00A0C91BC942}") = "Nuclear Renderer OpenGL3", "Nuclear Renderer OpenGL3\Nuclear Renderer OpenGL3.vcxproj", "{7EDE5204-8623-4AC2-89EA-9F2B9B092E34}"
	ProjectSection(ProjectDependencies) = postProject
		{4D9D0C3D-7C34-48A6-910A-64D3686975E1} = {4D9D0C3D-7C34-48A6-910A-64D3686975E1}
		{C7945EB1-9E92-4E2F-8D46-DC66EFED5BE0} = {C7945EB1-9E92-4E2F-8D46-DC66EFED5BE0}
		{1FEF9AED-B8F9-4654-8583-DD710262BC27} = {1FEF9AED-B8F9-4654-8583-DD710262BC27}
	EndProjectSection
EndProject
Project("{8BC9CEB8-8B4A-11D0-8D11-00A0C91BC942}") = "Nuclear Common", "Nuclear Common\Nuclear Common.vcxproj", "{4D9D0C3D-7C34-48A6-910A-64D3686975E1}"
EndProject
Project("{8BC9CEB8-8B4A-11D0-8D11-00A0C91BC942}") = "Nuclear Renderer DirectX11", "Nuclear Renderer DirectX11\Nuclear Renderer DirectX11.vcxproj", "{F9002EC3-ADAC-4206-9EA1-164F9EB5C2F1}"
	ProjectSection(ProjectDependencies) = postProject
		{4D9D0C3D-7C34-48A6-910A-64D3686975E1} = {4D9D0C3D-7C34-48A6-910A-64D3686975E1}
		{C7945EB1-9E92-4E2F-8D46-DC66EFED5BE0} = {C7945EB1-9E92-4E2F-8D46-DC66EFED5BE0}
		{1FEF9AED-B8F9-4654-8583-DD710262BC27} = {1FEF9AED-B8F9-4654-8583-DD710262BC27}
	EndProjectSection
EndProject
Project("{8BC9CEB8-8B4A-11D0-8D11-00A0C91BC942}") = "Nuclear Shader Cross Compiler", "Nuclear Shader Cross Compiler\Nuclear Shader Cross Compiler.vcxproj", "{922FDF6B-9C6E-4166-BF3C-400EAEEAB3CC}"
EndProject
Global
	GlobalSection(SolutionConfigurationPlatforms) = preSolution
		Debug|ARM = Debug|ARM
		Debug|x64 = Debug|x64
		Debug|x86 = Debug|x86
		Release|ARM = Release|ARM
		Release|x64 = Release|x64
		Release|x86 = Release|x86
	EndGlobalSection
	GlobalSection(ProjectConfigurationPlatforms) = postSolution
		{1E657253-3D76-4C77-A747-4D85EEFA91DA}.Debug|ARM.ActiveCfg = Debug|Win32
		{1E657253-3D76-4C77-A747-4D85EEFA91DA}.Debug|x64.ActiveCfg = Debug|x64
		{1E657253-3D76-4C77-A747-4D85EEFA91DA}.Debug|x64.Build.0 = Debug|x64
		{1E657253-3D76-4C77-A747-4D85EEFA91DA}.Debug|x86.ActiveCfg = Debug|Win32
		{1E657253-3D76-4C77-A747-4D85EEFA91DA}.Debug|x86.Build.0 = Debug|Win32
		{1E657253-3D76-4C77-A747-4D85EEFA91DA}.Release|ARM.ActiveCfg = Release|Win32
		{1E657253-3D76-4C77-A747-4D85EEFA91DA}.Release|x64.ActiveCfg = Release|x64
		{1E657253-3D76-4C77-A747-4D85EEFA91DA}.Release|x64.Build.0 = Release|x64
		{1E657253-3D76-4C77-A747-4D85EEFA91DA}.Release|x86.ActiveCfg = Release|Win32
		{1E657253-3D76-4C77-A747-4D85EEFA91DA}.Release|x86.Build.0 = Release|Win32
		{2C26B9B9-5974-4E9E-BA97-7107056F82AC}.Debug|ARM.ActiveCfg = Debug|Win32
		{2C26B9B9-5974-4E9E-BA97-7107056F82AC}.Debug|x64.ActiveCfg = Debug|x64
		{2C26B9B9-5974-4E9E-BA97-7107056F82AC}.Debug|x64.Build.0 = Debug|x64
		{2C26B9B9-5974-4E9E-BA97-7107056F82AC}.Debug|x86.ActiveCfg = Debug|Win32
		{2C26B9B9-5974-4E9E-BA97-7107056F82AC}.Debug|x86.Build.0 = Debug|Win32
		{2C26B9B9-5974-4E9E-BA97-7107056F82AC}.Release|ARM.ActiveCfg = Release|Win32
		{2C26B9B9-5974-4E9E-BA97-7107056F82AC}.Release|x64.ActiveCfg = Release|x64
		{2C26B9B9-5974-4E9E-BA97-7107056F82AC}.Release|x64.Build.0 = Release|x64
		{2C26B9B9-5974-4E9E-BA97-7107056F82AC}.Release|x86.ActiveCfg = Release|Win32
		{2C26B9B9-5974-4E9E-BA97-7107056F82AC}.Release|x86.Build.0 = Release|Win32
		{1FEF9AED-B8F9-4654-8583-DD710262BC27}.Debug|ARM.ActiveCfg = Debug|Win32
		{1FEF9AED-B8F9-4654-8583-DD710262BC27}.Debug|x64.ActiveCfg = Debug|x64
		{1FEF9AED-B8F9-4654-8583-DD710262BC27}.Debug|x64.Build.0 = Debug|x64
		{1FEF9AED-B8F9-4654-8583-DD710262BC27}.Debug|x86.ActiveCfg = Debug|Win32
		{1FEF9AED-B8F9-4654-8583-DD710262BC27}.Debug|x86.Build.0 = Debug|Win32
		{1FEF9AED-B8F9-4654-8583-DD710262BC27}.Release|ARM.ActiveCfg = Release|Win32
		{1FEF9AED-B8F9-4654-8583-DD710262BC27}.Release|x64.ActiveCfg = Release|x64
		{1FEF9AED-B8F9-4654-8583-DD710262BC27}.Release|x64.Build.0 = Release|x64
		{1FEF9AED-B8F9-4654-8583-DD710262BC27}.Release|x86.ActiveCfg = Release|Win32
		{1FEF9AED-B8F9-4654-8583-DD710262BC27}.Release|x86.Build.0 = Release|Win32
		{C7945EB1-9E92-4E2F-8D46-DC66EFED5BE0}.Debug|ARM.ActiveCfg = Debug|Win32
		{C7945EB1-9E92-4E2F-8D46-DC66EFED5BE0}.Debug|x64.ActiveCfg = Debug|x64
		{C7945EB1-9E92-4E2F-8D46-DC66EFED5BE0}.Debug|x64.Build.0 = Debug|x64
		{C7945EB1-9E92-4E2F-8D46-DC66EFED5BE0}.Debug|x86.ActiveCfg = Debug|Win32
		{C7945EB1-9E92-4E2F-8D46-DC66EFED5BE0}.Debug|x86.Build.0 = Debug|Win32
		{C7945EB1-9E92-4E2F-8D46-DC66EFED5BE0}.Release|ARM.ActiveCfg = Release|Win32
		{C7945EB1-9E92-4E2F-8D46-DC66EFED5BE0}.Release|x64.ActiveCfg = Release|x64
		{C7945EB1-9E92-4E2F-8D46-DC66EFED5BE0}.Release|x64.Build.0 = Release|x64
		{C7945EB1-9E92-4E2F-8D46-DC66EFED5BE0}.Release|x86.ActiveCfg = Release|Win32
		{C7945EB1-9E92-4E2F-8D46-DC66EFED5BE0}.Release|x86.Build.0 = Release|Win32
		{7EDE5204-8623-4AC2-89EA-9F2B9B092E34}.Debug|ARM.ActiveCfg = Debug|Win32
		{7EDE5204-8623-4AC2-89EA-9F2B9B092E34}.Debug|x64.ActiveCfg = Debug|x64
		{7EDE5204-8623-4AC2-89EA-9F2B9B092E34}.Debug|x64.Build.0 = Debug|x64
		{7EDE5204-8623-4AC2-89EA-9F2B9B092E34}.Debug|x86.ActiveCfg = Debug|Win32
		{7EDE5204-8623-4AC2-89EA-9F2B9B092E34}.Debug|x86.Build.0 = Debug|Win32
		{7EDE5204-8623-4AC2-89EA-9F2B9B092E34}.Release|ARM.ActiveCfg = Release|Win32
		{7EDE5204-8623-4AC2-89EA-9F2B9B092E34}.Release|x64.ActiveCfg = Release|x64
		{7EDE5204-8623-4AC2-89EA-9F2B9B092E34}.Release|x64.Build.0 = Release|x64
		{7EDE5204-8623-4AC2-89EA-9F2B9B092E34}.Release|x86.ActiveCfg = Release|Win32
		{7EDE5204-8623-4AC2-89EA-9F2B9B092E34}.Release|x86.Build.0 = Release|Win32
		{4D9D0C3D-7C34-48A6-910A-64D3686975E1}.Debug|ARM.ActiveCfg = Debug|Win32
		{4D9D0C3D-7C34-48A6-910A-64D3686975E1}.Debug|x64.ActiveCfg = Debug|x64
		{4D9D0C3D-7C34-48A6-910A-64D3686975E1}.Debug|x64.Build.0 = Debug|x64
		{4D9D0C3D-7C34-48A6-910A-64D3686975E1}.Debug|x86.ActiveCfg = Debug|Win32
		{4D9D0C3D-7C34-48A6-910A-64D3686975E1}.Debug|x86.Build.0 = Debug|Win32
		{4D9D0C3D-7C34-48A6-910A-64D3686975E1}.Release|ARM.ActiveCfg = Release|Win32
		{4D9D0C3D-7C34-48A6-910A-64D3686975E1}.Release|x64.ActiveCfg = Release|x64
		{4D9D0C3D-7C34-48A6-910A-64D3686975E1}.Release|x64.Build.0 = Release|x64
		{4D9D0C3D-7C34-48A6-910A-64D3686975E1}.Release|x86.ActiveCfg = Release|Win32
		{4D9D0C3D-7C34-48A6-910A-64D3686975E1}.Release|x86.Build.0 = Release|Win32
		{F9002EC3-ADAC-4206-9EA1-164F9EB5C2F1}.Debug|ARM.ActiveCfg = Debug|Win32
		{F9002EC3-ADAC-4206-9EA1-164F9EB5C2F1}.Debug|x64.ActiveCfg = Debug|x64
		{F9002EC3-ADAC-4206-9EA1-164F9EB5C2F1}.Debug|x64.Build.0 = Debug|x64
		{F9002EC3-ADAC-4206-9EA1-164F9EB5C2F1}.Debug|x86.ActiveCfg = Debug|Win32
		{F9002EC3-ADAC-4206-9EA1-164F9EB5C2F1}.Debug|x86.Build.0 = Debug|Win32
		{F9002EC3-ADAC-4206-9EA1-164F9EB5C2F1}.Release|ARM.ActiveCfg = Release|Win32
		{F9002EC3-ADAC-4206-9EA1-164F9EB5C2F1}.Release|x64.ActiveCfg = Release|x64
		{F9002EC3-ADAC-4206-9EA1-164F9EB5C2F1}.Release|x64.Build.0 = Release|x64
		{F9002EC3-ADAC-4206-9EA1-164F9EB5C2F1}.Release|x86.ActiveCfg = Release|Win32
		{F9002EC3-ADAC-4206-9EA1-164F9EB5C2F1}.Release|x86.Build.0 = Release|Win32
		{922FDF6B-9C6E-4166-BF3C-400EAEEAB3CC}.Debug|ARM.ActiveCfg = Debug|Win32
		{922FDF6B-9C6E-4166-BF3C-400EAEEAB3CC}.Debug|x64.ActiveCfg = Debug|x64
		{922FDF6B-9C6E-4166-BF3C-400EAEEAB3CC}.Debug|x64.Build.0 = Debug|x64
		{922FDF6B-9C6E-4166-BF3C-400EAEEAB3CC}.Debug|x86.ActiveCfg = Debug|Win32
		{922FDF6B-9C6E-4166-BF3C-400EAEEAB3CC}.Debug|x86.Build.0 = Debug|Win32
		{922FDF6B-9C6E-4166-BF3C-400EAEEAB3CC}.Release|ARM.ActiveCfg = Release|Win32
		{922FDF6B-9C6E-4166-BF3C-400EAEEAB3CC}.Release|x64.ActiveCfg = Release|x64
		{922FDF6B-9C6E-4166-BF3C-400EAEEAB3CC}.Release|x64.Build.0 = Release|x64
		{922FDF6B-9C6E-4166-BF3C-400EAEEAB3CC}.Release|x86.ActiveCfg = Release|Win32
		{922FDF6B-9C6E-4166-BF3C-400EAEEAB3CC}.Release|x86.Build.0 = Release|Win32
	EndGlobalSection
	GlobalSection(SolutionProperties) = preSolution
		HideSolutionNode = FALSE
	EndGlobalSection
	GlobalSection(ExtensibilityGlobals) = postSolution
		SolutionGuid = {C6B8DEBD-0C9D-49D8-85CC-2148DD112CDF}
	EndGlobalSection
EndGlobal
