
Microsoft Visual Studio Solution File, Format Version 12.00
# Visual Studio Version 16
VisualStudioVersion = 16.0.29020.237
MinimumVisualStudioVersion = 10.0.40219.1
Project("{8BC9CEB8-8B4A-11D0-8D11-00A0C91BC942}") = "Nuclear Engine", "Nuclear Engine\Nuclear Engine.vcxproj", "{1E657253-3D76-4C77-A747-4D85EEFA91DA}"
EndProject
Project("{8BC9CEB8-8B4A-11D0-8D11-00A0C91BC942}") = "Samples", "Samples\Samples.vcxproj", "{2C26B9B9-5974-4E9E-BA97-7107056F82AC}"
	ProjectSection(ProjectDependencies) = postProject
		{1E657253-3D76-4C77-A747-4D85EEFA91DA} = {1E657253-3D76-4C77-A747-4D85EEFA91DA}
	EndProjectSection
EndProject
Global
	GlobalSection(SolutionConfigurationPlatforms) = preSolution
		Checked|Any CPU = Checked|Any CPU
		Checked|x64 = Checked|x64
		Checked|x86 = Checked|x86
		Debug|Any CPU = Debug|Any CPU
		Debug|x64 = Debug|x64
		Debug|x86 = Debug|x86
		Release|Any CPU = Release|Any CPU
		Release|x64 = Release|x64
		Release|x86 = Release|x86
	EndGlobalSection
	GlobalSection(ProjectConfigurationPlatforms) = postSolution
		{1E657253-3D76-4C77-A747-4D85EEFA91DA}.Checked|Any CPU.ActiveCfg = Checked|x64
		{1E657253-3D76-4C77-A747-4D85EEFA91DA}.Checked|x64.ActiveCfg = Checked|x64
		{1E657253-3D76-4C77-A747-4D85EEFA91DA}.Checked|x64.Build.0 = Checked|x64
		{1E657253-3D76-4C77-A747-4D85EEFA91DA}.Checked|x86.ActiveCfg = Checked|x64
		{1E657253-3D76-4C77-A747-4D85EEFA91DA}.Debug|Any CPU.ActiveCfg = Debug|x64
		{1E657253-3D76-4C77-A747-4D85EEFA91DA}.Debug|x64.ActiveCfg = Debug|x64
		{1E657253-3D76-4C77-A747-4D85EEFA91DA}.Debug|x64.Build.0 = Debug|x64
		{1E657253-3D76-4C77-A747-4D85EEFA91DA}.Debug|x86.ActiveCfg = Debug|x64
		{1E657253-3D76-4C77-A747-4D85EEFA91DA}.Release|Any CPU.ActiveCfg = Release|x64
		{1E657253-3D76-4C77-A747-4D85EEFA91DA}.Release|x64.ActiveCfg = Release|x64
		{1E657253-3D76-4C77-A747-4D85EEFA91DA}.Release|x64.Build.0 = Release|x64
		{1E657253-3D76-4C77-A747-4D85EEFA91DA}.Release|x86.ActiveCfg = Release|x64
		{2C26B9B9-5974-4E9E-BA97-7107056F82AC}.Checked|Any CPU.ActiveCfg = Checked|x64
		{2C26B9B9-5974-4E9E-BA97-7107056F82AC}.Checked|x64.ActiveCfg = Checked|x64
		{2C26B9B9-5974-4E9E-BA97-7107056F82AC}.Checked|x64.Build.0 = Checked|x64
		{2C26B9B9-5974-4E9E-BA97-7107056F82AC}.Checked|x86.ActiveCfg = Checked|x64
		{2C26B9B9-5974-4E9E-BA97-7107056F82AC}.Debug|Any CPU.ActiveCfg = Debug|x64
		{2C26B9B9-5974-4E9E-BA97-7107056F82AC}.Debug|x64.ActiveCfg = Debug|x64
		{2C26B9B9-5974-4E9E-BA97-7107056F82AC}.Debug|x64.Build.0 = Debug|x64
		{2C26B9B9-5974-4E9E-BA97-7107056F82AC}.Debug|x86.ActiveCfg = Debug|x64
		{2C26B9B9-5974-4E9E-BA97-7107056F82AC}.Release|Any CPU.ActiveCfg = Release|x64
		{2C26B9B9-5974-4E9E-BA97-7107056F82AC}.Release|x64.ActiveCfg = Release|x64
		{2C26B9B9-5974-4E9E-BA97-7107056F82AC}.Release|x64.Build.0 = Release|x64
		{2C26B9B9-5974-4E9E-BA97-7107056F82AC}.Release|x86.ActiveCfg = Release|x64
	EndGlobalSection
	GlobalSection(SolutionProperties) = preSolution
		HideSolutionNode = FALSE
	EndGlobalSection
	GlobalSection(ExtensibilityGlobals) = postSolution
		SolutionGuid = {C6B8DEBD-0C9D-49D8-85CC-2148DD112CDF}
	EndGlobalSection
EndGlobal
