<?xml version="1.0" encoding="utf-8"?>
<Project ToolsVersion="4.0" xmlns="http://schemas.microsoft.com/developer/msbuild/2003">
  <ItemGroup>
    <ClInclude Include="include\Core\Parsers\INIParserClass.h" />
    <ClInclude Include="include\Core\Parsers\INIFile.h" />
    <ClInclude Include="include\Core\Engine.h" />
    <ClInclude Include="include\Core\FileSystem.h" />
    <ClInclude Include="include\Core\Game.h" />
    <ClInclude Include="include\NuclearEngine.h" />
    <ClInclude Include="include\Core\Application.h" />
    <ClInclude Include="include\Core\Application.h" />
    <ClInclude Include="include\Core\Editor.h" />
    <ClInclude Include="include\Core\Parsers\XMLParser.h" />
    <ClInclude Include="include\Engine\Physics3D\Collider.h" />
    <ClInclude Include="include\Engine\Physics3D\Physics3DEngine.h" />
    <ClInclude Include="include\Engine\Physics3D\PhysicsMaterial.h" />
    <ClInclude Include="include\Engine\Physics3D\PhysicsScene.h" />
    <ClInclude Include="include\Engine\Physics3D\RigidBody.h" />
    <ClInclude Include="include\Engine\Managers\AssetManager.h" />
    <ClInclude Include="include\Engine\Managers\CameraManager.h" />
    <ClInclude Include="include\Engine\Managers\ShaderManager.h" />
    <ClInclude Include="include\Engine\Graphics\Background.h" />
    <ClInclude Include="include\Engine\Graphics\CameraPostProcess.h" />
    <ClInclude Include="include\Engine\Graphics\Color.h" />
    <ClInclude Include="include\Engine\Graphics\Skybox.h" />
    <ClInclude Include="include\Engine\ECS\ComponentDependency.h" />
    <ClInclude Include="include\Engine\ECS\ECS.h" />
    <ClInclude Include="include\Engine\ECS\ECSConfig.h" />
    <ClInclude Include="include\Engine\ECS\Entity.h" />
    <ClInclude Include="include\Engine\ECS\Event.h" />
    <ClInclude Include="include\Engine\ECS\Scene.h" />
    <ClInclude Include="include\Engine\ECS\System.h" />
    <ClInclude Include="include\Engine\Components\CameraComponent.h" />
    <ClInclude Include="include\Engine\Components\Light.h" />
    <ClInclude Include="include\Engine\Components\MeshComponent.h" />
    <ClInclude Include="include\Engine\Audio\AudioEngine.h" />
    <ClInclude Include="include\Engine\Audio\Channel.h" />
    <ClInclude Include="include\Engine\Audio\Sound.h" />
    <ClInclude Include="include\Engine\Assets\Material.h" />
    <ClInclude Include="include\Engine\Assets\Mesh.h" />
    <ClInclude Include="include\Base\Utilities\Accessor.h" />
    <ClInclude Include="include\Base\Utilities\Delegate.h" />
    <ClInclude Include="include\Base\Utilities\Hash.h" />
    <ClInclude Include="include\Base\Utilities\Logger.h" />
    <ClInclude Include="include\Base\Utilities\NonCopyable.h" />
    <ClInclude Include="include\Base\Utilities\Pool.h" />
    <ClInclude Include="include\Base\Utilities\Signal.h" />
    <ClInclude Include="include\Base\Math\detail\_features.hpp" />
    <ClInclude Include="include\Base\Math\detail\_fixes.hpp" />
    <ClInclude Include="include\Base\Math\detail\_noise.hpp" />
    <ClInclude Include="include\Base\Math\detail\_swizzle.hpp" />
    <ClInclude Include="include\Base\Math\detail\_swizzle_func.hpp" />
    <ClInclude Include="include\Base\Math\detail\_vectorize.hpp" />
    <ClInclude Include="include\Base\Math\detail\compute_vector_relational.hpp" />
    <ClInclude Include="include\Base\Math\detail\qualifier.hpp" />
    <ClInclude Include="include\Base\Math\detail\setup.hpp" />
    <ClInclude Include="include\Base\Math\detail\type_float.hpp" />
    <ClInclude Include="include\Base\Math\detail\type_gentype.hpp" />
    <ClInclude Include="include\Base\Math\detail\type_half.hpp" />
    <ClInclude Include="include\Base\Math\detail\type_int.hpp" />
    <ClInclude Include="include\Base\Math\detail\type_mat.hpp" />
    <ClInclude Include="include\Base\Math\detail\type_mat2x2.hpp" />
    <ClInclude Include="include\Base\Math\detail\type_mat2x3.hpp" />
    <ClInclude Include="include\Base\Math\detail\type_mat2x4.hpp" />
    <ClInclude Include="include\Base\Math\detail\type_mat3x2.hpp" />
    <ClInclude Include="include\Base\Math\detail\type_mat3x3.hpp" />
    <ClInclude Include="include\Base\Math\detail\type_mat3x4.hpp" />
    <ClInclude Include="include\Base\Math\detail\type_mat4x2.hpp" />
    <ClInclude Include="include\Base\Math\detail\type_mat4x3.hpp" />
    <ClInclude Include="include\Base\Math\detail\type_mat4x4.hpp" />
    <ClInclude Include="include\Base\Math\detail\type_vec.hpp" />
    <ClInclude Include="include\Base\Math\detail\type_vec1.hpp" />
    <ClInclude Include="include\Base\Math\detail\type_vec2.hpp" />
    <ClInclude Include="include\Base\Math\detail\type_vec3.hpp" />
    <ClInclude Include="include\Base\Math\detail\type_vec4.hpp" />
    <ClInclude Include="include\Base\Math\ext\vec1.hpp" />
    <ClInclude Include="include\Base\Math\ext\vector_relational.hpp" />
    <ClInclude Include="include\Base\Math\gtc\bitfield.hpp" />
    <ClInclude Include="include\Base\Math\gtc\color_space.hpp" />
    <ClInclude Include="include\Base\Math\gtc\constants.hpp" />
    <ClInclude Include="include\Base\Math\gtc\epsilon.hpp" />
    <ClInclude Include="include\Base\Math\gtc\integer.hpp" />
    <ClInclude Include="include\Base\Math\gtc\matrix_access.hpp" />
    <ClInclude Include="include\Base\Math\gtc\matrix_integer.hpp" />
    <ClInclude Include="include\Base\Math\gtc\matrix_inverse.hpp" />
    <ClInclude Include="include\Base\Math\gtc\matrix_transform.hpp" />
    <ClInclude Include="include\Base\Math\gtc\noise.hpp" />
    <ClInclude Include="include\Base\Math\gtc\packing.hpp" />
    <ClInclude Include="include\Base\Math\gtc\quaternion.hpp" />
    <ClInclude Include="include\Base\Math\gtc\random.hpp" />
    <ClInclude Include="include\Base\Math\gtc\reciprocal.hpp" />
    <ClInclude Include="include\Base\Math\gtc\round.hpp" />
    <ClInclude Include="include\Base\Math\gtc\type_aligned.hpp" />
    <ClInclude Include="include\Base\Math\gtc\type_precision.hpp" />
    <ClInclude Include="include\Base\Math\gtc\type_ptr.hpp" />
    <ClInclude Include="include\Base\Math\gtc\ulp.hpp" />
    <ClInclude Include="include\Base\Math\gtc\vec1.hpp" />
    <ClInclude Include="include\Base\Math\gtx\associated_min_max.hpp" />
    <ClInclude Include="include\Base\Math\gtx\bit.hpp" />
    <ClInclude Include="include\Base\Math\gtx\closest_point.hpp" />
    <ClInclude Include="include\Base\Math\gtx\color_encoding.hpp" />
    <ClInclude Include="include\Base\Math\gtx\color_space.hpp" />
    <ClInclude Include="include\Base\Math\gtx\color_space_YCoCg.hpp" />
    <ClInclude Include="include\Base\Math\gtx\common.hpp" />
    <ClInclude Include="include\Base\Math\gtx\compatibility.hpp" />
    <ClInclude Include="include\Base\Math\gtx\component_wise.hpp" />
    <ClInclude Include="include\Base\Math\gtx\dual_quaternion.hpp" />
    <ClInclude Include="include\Base\Math\gtx\euler_angles.hpp" />
    <ClInclude Include="include\Base\Math\gtx\extend.hpp" />
    <ClInclude Include="include\Base\Math\gtx\extended_min_max.hpp" />
    <ClInclude Include="include\Base\Math\gtx\exterior_product.hpp" />
    <ClInclude Include="include\Base\Math\gtx\fast_exponential.hpp" />
    <ClInclude Include="include\Base\Math\gtx\fast_square_root.hpp" />
    <ClInclude Include="include\Base\Math\gtx\fast_trigonometry.hpp" />
    <ClInclude Include="include\Base\Math\gtx\functions.hpp" />
    <ClInclude Include="include\Base\Math\gtx\gradient_paint.hpp" />
    <ClInclude Include="include\Base\Math\gtx\handed_coordinate_space.hpp" />
    <ClInclude Include="include\Base\Math\gtx\hash.hpp" />
    <ClInclude Include="include\Base\Math\gtx\integer.hpp" />
    <ClInclude Include="include\Base\Math\gtx\intersect.hpp" />
    <ClInclude Include="include\Base\Math\gtx\io.hpp" />
    <ClInclude Include="include\Base\Math\gtx\log_base.hpp" />
    <ClInclude Include="include\Base\Math\gtx\matrix_cross_product.hpp" />
    <ClInclude Include="include\Base\Math\gtx\matrix_decompose.hpp" />
    <ClInclude Include="include\Base\Math\gtx\matrix_factorisation.hpp" />
    <ClInclude Include="include\Base\Math\gtx\matrix_interpolation.hpp" />
    <ClInclude Include="include\Base\Math\gtx\matrix_major_storage.hpp" />
    <ClInclude Include="include\Base\Math\gtx\matrix_operation.hpp" />
    <ClInclude Include="include\Base\Math\gtx\matrix_query.hpp" />
    <ClInclude Include="include\Base\Math\gtx\matrix_transform_2d.hpp" />
    <ClInclude Include="include\Base\Math\gtx\mixed_product.hpp" />
    <ClInclude Include="include\Base\Math\gtx\norm.hpp" />
    <ClInclude Include="include\Base\Math\gtx\normal.hpp" />
    <ClInclude Include="include\Base\Math\gtx\normalize_dot.hpp" />
    <ClInclude Include="include\Base\Math\gtx\number_precision.hpp" />
    <ClInclude Include="include\Base\Math\gtx\optimum_pow.hpp" />
    <ClInclude Include="include\Base\Math\gtx\orthonormalize.hpp" />
    <ClInclude Include="include\Base\Math\gtx\perpendicular.hpp" />
    <ClInclude Include="include\Base\Math\gtx\polar_coordinates.hpp" />
    <ClInclude Include="include\Base\Math\gtx\projection.hpp" />
    <ClInclude Include="include\Base\Math\gtx\quaternion.hpp" />
    <ClInclude Include="include\Base\Math\gtx\range.hpp" />
    <ClInclude Include="include\Base\Math\gtx\raw_data.hpp" />
    <ClInclude Include="include\Base\Math\gtx\rotate_normalized_axis.hpp" />
    <ClInclude Include="include\Base\Math\gtx\rotate_vector.hpp" />
    <ClInclude Include="include\Base\Math\gtx\scalar_multiplication.hpp" />
    <ClInclude Include="include\Base\Math\gtx\scalar_relational.hpp" />
    <ClInclude Include="include\Base\Math\gtx\spline.hpp" />
    <ClInclude Include="include\Base\Math\gtx\std_based_type.hpp" />
    <ClInclude Include="include\Base\Math\gtx\string_cast.hpp" />
    <ClInclude Include="include\Base\Math\gtx\texture.hpp" />
    <ClInclude Include="include\Base\Math\gtx\transform.hpp" />
    <ClInclude Include="include\Base\Math\gtx\transform2.hpp" />
    <ClInclude Include="include\Base\Math\gtx\type_aligned.hpp" />
    <ClInclude Include="include\Base\Math\gtx\type_trait.hpp" />
    <ClInclude Include="include\Base\Math\gtx\vec_swizzle.hpp" />
    <ClInclude Include="include\Base\Math\gtx\vector_angle.hpp" />
    <ClInclude Include="include\Base\Math\gtx\vector_query.hpp" />
    <ClInclude Include="include\Base\Math\gtx\wrap.hpp" />
    <ClInclude Include="include\Base\Math\simd\common.h" />
    <ClInclude Include="include\Base\Math\simd\exponential.h" />
    <ClInclude Include="include\Base\Math\simd\geometric.h" />
    <ClInclude Include="include\Base\Math\simd\integer.h" />
    <ClInclude Include="include\Base\Math\simd\matrix.h" />
    <ClInclude Include="include\Base\Math\simd\packing.h" />
    <ClInclude Include="include\Base\Math\simd\platform.h" />
    <ClInclude Include="include\Base\Math\simd\trigonometric.h" />
    <ClInclude Include="include\Base\Math\simd\vector_relational.h" />
    <ClInclude Include="include\Base\Math\common.hpp" />
    <ClInclude Include="include\Base\Math\exponential.hpp" />
    <ClInclude Include="include\Base\Math\ext.hpp" />
    <ClInclude Include="include\Base\Math\fwd.hpp" />
    <ClInclude Include="include\Base\Math\geometric.hpp" />
    <ClInclude Include="include\Base\Math\glm.hpp" />
    <ClInclude Include="include\Base\Math\integer.hpp" />
    <ClInclude Include="include\Base\Math\mat2x2.hpp" />
    <ClInclude Include="include\Base\Math\mat2x3.hpp" />
    <ClInclude Include="include\Base\Math\mat2x4.hpp" />
    <ClInclude Include="include\Base\Math\mat3x2.hpp" />
    <ClInclude Include="include\Base\Math\mat3x3.hpp" />
    <ClInclude Include="include\Base\Math\mat3x4.hpp" />
    <ClInclude Include="include\Base\Math\mat4x2.hpp" />
    <ClInclude Include="include\Base\Math\mat4x3.hpp" />
    <ClInclude Include="include\Base\Math\mat4x4.hpp" />
    <ClInclude Include="include\Base\Math\Math.h" />
    <ClInclude Include="include\Base\Math\matrix.hpp" />
    <ClInclude Include="include\Base\Math\NETypes.h" />
    <ClInclude Include="include\Base\Math\packing.hpp" />
    <ClInclude Include="include\Base\Math\trigonometric.hpp" />
    <ClInclude Include="include\Base\Math\vec2.hpp" />
    <ClInclude Include="include\Base\Math\vec3.hpp" />
    <ClInclude Include="include\Base\Math\vec4.hpp" />
    <ClInclude Include="include\Base\Math\vector_relational.hpp" />
    <ClInclude Include="include\Base\NE_Common.h" />
    <ClInclude Include="include\Base\BuildConfig.h" />
    <ClInclude Include="include\Base\NE_Exception.h" />
    <ClInclude Include="include\Base\NE_PrivateCommon.h" />
    <ClInclude Include="Source\Engine\Managers\AssimpImporter.h" />
    <ClInclude Include="Source\Engine\Physics3D\PhysXCommon.h" />
    <ClInclude Include="Source\Engine\Audio\FMODError.h" />
    <ClInclude Include="include\Base\Utilities\Timer.h" />
    <ClInclude Include="include\ThirdParty\crc32c.h" />
    <ClInclude Include="Source\ThirdParty\crc32c\crc32c_arm64.h" />
    <ClInclude Include="Source\ThirdParty\crc32c\crc32c_arm64_linux_check.h" />
    <ClInclude Include="Source\ThirdParty\crc32c\crc32c_config.h" />
    <ClInclude Include="Source\ThirdParty\crc32c\crc32c_internal.h" />
    <ClInclude Include="Source\ThirdParty\crc32c\crc32c_prefetch.h" />
    <ClInclude Include="Source\ThirdParty\crc32c\crc32c_read_le.h" />
    <ClInclude Include="Source\ThirdParty\crc32c\crc32c_round_up.h" />
    <ClInclude Include="Source\ThirdParty\crc32c\crc32c_sse42.h" />
    <ClInclude Include="Source\ThirdParty\crc32c\crc32c_sse42_check.h" />
    <ClInclude Include="Source\ThirdParty\stb_image.h" />
    <ClInclude Include="Source\ThirdParty\stb_truetype.h" />
    <ClInclude Include="include\Core\ApplicationDesc.h" />
    <ClInclude Include="include\Engine\Graphics\SplashScreen.h" />
    <ClInclude Include="include\Engine\Assets\DefaultTextures.h" />
    <ClInclude Include="include\Base\Utilities\SmartPointer.h" />
    <ClInclude Include="include\Engine\Assets\Asset.h" />
    <ClInclude Include="include\Engine\Assets\Texture.h" />
    <ClInclude Include="include\Engine\Components\TransformComponent.h" />
    <ClInclude Include="include\Engine\Systems\RenderSystem.h" />
    <ClInclude Include="include\Engine\Graphics\ShadowMap.h" />
    <ClInclude Include="include\Engine\Graphics\Context.h" />
    <ClInclude Include="Source\Engine\Graphics\ShaderCompiler\XShaderCompiler.h" />
    <ClInclude Include="include\Core\Path.h" />
    <ClInclude Include="Source\Engine\Graphics\ShaderCompiler\D3DCompiler.h" />
    <ClInclude Include="Source\Engine\Graphics\InitializeDiligentEngineWin32.h" />
    <ClInclude Include="include\Engine\Assets\Image.h" />
  </ItemGroup>
  <ItemGroup>
    <ClCompile Include="Source\Core\FileSystem.cpp" />
    <ClCompile Include="Source\Core\Game.cpp" />
    <ClCompile Include="Source\Core\Engine.cpp" />
    <ClCompile Include="Source\Core\Parsers\INIFile.cpp" />
    <ClCompile Include="Source\Core\Parsers\INIParserClass.cpp" />
    <ClCompile Include="Source\NE_Common.cpp" />
    <ClCompile Include="Source\Core\Application.cpp" />
    <ClCompile Include="Source\Core\Editor.cpp" />
    <ClCompile Include="Source\Core\Parsers\XMLParser.cpp" />
    <ClCompile Include="Source\Base\Utilities\Logger.cpp" />
    <ClCompile Include="Source\Core\Platform\Win32\dllmain.cpp" />
    <ClCompile Include="Source\Engine\Graphics\Background.cpp" />
    <ClCompile Include="Source\Engine\Graphics\CameraPostProcess.cpp" />
    <ClCompile Include="Source\Engine\Graphics\Color.cpp" />
    <ClCompile Include="Source\Engine\Graphics\Skybox.cpp" />
    <ClCompile Include="Source\Engine\Managers\AssetManager.cpp" />
    <ClCompile Include="Source\Engine\Managers\AssimpImporter.cpp" />
    <ClCompile Include="Source\Engine\Managers\CameraManager.cpp" />
    <ClCompile Include="Source\Engine\Managers\ShaderManager.cpp" />
    <ClCompile Include="Source\Engine\Physics3D\Collider.cpp" />
    <ClCompile Include="Source\Engine\Physics3D\Physics3DEngine.cpp" />
    <ClCompile Include="Source\Engine\Physics3D\PhysicsMaterial.cpp" />
    <ClCompile Include="Source\Engine\Physics3D\PhysicsScene.cpp" />
    <ClCompile Include="Source\Engine\Physics3D\RigidBody.cpp" />
    <ClCompile Include="Source\Engine\Systems\RenderSystem.cpp" />
    <ClCompile Include="Source\Engine\Components\CameraComponent.cpp" />
    <ClCompile Include="Source\Engine\Components\Light.cpp" />
    <ClCompile Include="Source\Engine\Components\MeshComponent.cpp" />
    <ClCompile Include="Source\Engine\Audio\AudioEngine.cpp" />
    <ClCompile Include="Source\Engine\Audio\Channel.cpp" />
    <ClCompile Include="Source\Engine\Audio\Sound.cpp" />
    <ClCompile Include="Source\Engine\Assets\Material.cpp" />
    <ClCompile Include="Source\Base\Utilities\Timer.cpp" />
    <ClCompile Include="Source\ThirdParty\crc32c\crc32c.cc" />
    <ClCompile Include="Source\ThirdParty\crc32c\crc32c_arm64.cc" />
    <ClCompile Include="Source\ThirdParty\crc32c\crc32c_portable.cc" />
    <ClCompile Include="Source\ThirdParty\crc32c\crc32c_sse42.cc" />
    <ClCompile Include="Source\Engine\Assets\Mesh.cpp" />
    <ClCompile Include="Source\Engine\Assets\TextureAsset.cpp" />
    <ClCompile Include="Source\Engine\ECS\Entity.cpp" />
    <ClCompile Include="Source\Engine\ECS\Event.cpp" />
    <ClCompile Include="Source\Engine\ECS\Scene.cpp" />
    <ClCompile Include="Source\Engine\ECS\System.cpp" />
    <ClCompile Include="Source\Engine\Components\TransformComponent.cpp" />
    <ClCompile Include="Source\Engine\Graphics\ShadowMap.cpp" />
    <ClCompile Include="Source\Engine\Graphics\Context.cpp" />
    <ClCompile Include="Source\Engine\Graphics\ShaderCompiler\XShaderCompiler.cpp" />
    <ClCompile Include="Source\Core\Path.cpp" />
    <ClCompile Include="Source\Engine\Graphics\ShaderCompiler\D3DCompiler.cpp" />
  </ItemGroup>
  <ItemGroup>
    <None Include="include\Base\Math\detail\func_common.inl" />
    <None Include="include\Base\Math\detail\func_common_simd.inl" />
    <None Include="include\Base\Math\detail\func_exponential.inl" />
    <None Include="include\Base\Math\detail\func_exponential_simd.inl" />
    <None Include="include\Base\Math\detail\func_geometric.inl" />
    <None Include="include\Base\Math\detail\func_geometric_simd.inl" />
    <None Include="include\Base\Math\detail\func_integer.inl" />
    <None Include="include\Base\Math\detail\func_integer_simd.inl" />
    <None Include="include\Base\Math\detail\func_matrix.inl" />
    <None Include="include\Base\Math\detail\func_matrix_simd.inl" />
    <None Include="include\Base\Math\detail\func_packing.inl" />
    <None Include="include\Base\Math\detail\func_packing_simd.inl" />
    <None Include="include\Base\Math\detail\func_trigonometric.inl" />
    <None Include="include\Base\Math\detail\func_trigonometric_simd.inl" />
    <None Include="include\Base\Math\detail\func_vector_relational.inl" />
    <None Include="include\Base\Math\detail\func_vector_relational_simd.inl" />
    <None Include="include\Base\Math\detail\type_gentype.inl" />
    <None Include="include\Base\Math\detail\type_half.inl" />
    <None Include="include\Base\Math\detail\type_mat.inl" />
    <None Include="include\Base\Math\detail\type_mat2x2.inl" />
    <None Include="include\Base\Math\detail\type_mat2x3.inl" />
    <None Include="include\Base\Math\detail\type_mat2x4.inl" />
    <None Include="include\Base\Math\detail\type_mat3x2.inl" />
    <None Include="include\Base\Math\detail\type_mat3x3.inl" />
    <None Include="include\Base\Math\detail\type_mat3x4.inl" />
    <None Include="include\Base\Math\detail\type_mat4x2.inl" />
    <None Include="include\Base\Math\detail\type_mat4x3.inl" />
    <None Include="include\Base\Math\detail\type_mat4x4.inl" />
    <None Include="include\Base\Math\detail\type_mat4x4_simd.inl" />
    <None Include="include\Base\Math\detail\type_vec.inl" />
    <None Include="include\Base\Math\detail\type_vec1.inl" />
    <None Include="include\Base\Math\detail\type_vec2.inl" />
    <None Include="include\Base\Math\detail\type_vec3.inl" />
    <None Include="include\Base\Math\detail\type_vec4.inl" />
    <None Include="include\Base\Math\detail\type_vec4_simd.inl" />
    <None Include="include\Base\Math\ext\vec1.inl" />
    <None Include="include\Base\Math\ext\vector_relational.inl" />
    <None Include="include\Base\Math\gtc\bitfield.inl" />
    <None Include="include\Base\Math\gtc\color_space.inl" />
    <None Include="include\Base\Math\gtc\constants.inl" />
    <None Include="include\Base\Math\gtc\epsilon.inl" />
    <None Include="include\Base\Math\gtc\integer.inl" />
    <None Include="include\Base\Math\gtc\matrix_access.inl" />
    <None Include="include\Base\Math\gtc\matrix_inverse.inl" />
    <None Include="include\Base\Math\gtc\matrix_transform.inl" />
    <None Include="include\Base\Math\gtc\noise.inl" />
    <None Include="include\Base\Math\gtc\packing.inl" />
    <None Include="include\Base\Math\gtc\quaternion.inl" />
    <None Include="include\Base\Math\gtc\quaternion_simd.inl" />
    <None Include="include\Base\Math\gtc\random.inl" />
    <None Include="include\Base\Math\gtc\reciprocal.inl" />
    <None Include="include\Base\Math\gtc\round.inl" />
    <None Include="include\Base\Math\gtc\type_precision.inl" />
    <None Include="include\Base\Math\gtc\type_ptr.inl" />
    <None Include="include\Base\Math\gtc\ulp.inl" />
    <None Include="include\Base\Math\gtc\vec1.inl" />
    <None Include="include\Base\Math\gtx\associated_min_max.inl" />
    <None Include="include\Base\Math\gtx\bit.inl" />
    <None Include="include\Base\Math\gtx\closest_point.inl" />
    <None Include="include\Base\Math\gtx\color_encoding.inl" />
    <None Include="include\Base\Math\gtx\color_space.inl" />
    <None Include="include\Base\Math\gtx\color_space_YCoCg.inl" />
    <None Include="include\Base\Math\gtx\common.inl" />
    <None Include="include\Base\Math\gtx\compatibility.inl" />
    <None Include="include\Base\Math\gtx\component_wise.inl" />
    <None Include="include\Base\Math\gtx\dual_quaternion.inl" />
    <None Include="include\Base\Math\gtx\euler_angles.inl" />
    <None Include="include\Base\Math\gtx\extend.inl" />
    <None Include="include\Base\Math\gtx\extended_min_max.inl" />
    <None Include="include\Base\Math\gtx\exterior_product.inl" />
    <None Include="include\Base\Math\gtx\fast_exponential.inl" />
    <None Include="include\Base\Math\gtx\fast_square_root.inl" />
    <None Include="include\Base\Math\gtx\fast_trigonometry.inl" />
    <None Include="include\Base\Math\gtx\float_notmalize.inl" />
    <None Include="include\Base\Math\gtx\functions.inl" />
    <None Include="include\Base\Math\gtx\gradient_paint.inl" />
    <None Include="include\Base\Math\gtx\handed_coordinate_space.inl" />
    <None Include="include\Base\Math\gtx\hash.inl" />
    <None Include="include\Base\Math\gtx\integer.inl" />
    <None Include="include\Base\Math\gtx\intersect.inl" />
    <None Include="include\Base\Math\gtx\io.inl" />
    <None Include="include\Base\Math\gtx\log_base.inl" />
    <None Include="include\Base\Math\gtx\matrix_cross_product.inl" />
    <None Include="include\Base\Math\gtx\matrix_decompose.inl" />
    <None Include="include\Base\Math\gtx\matrix_factorisation.inl" />
    <None Include="include\Base\Math\gtx\matrix_interpolation.inl" />
    <None Include="include\Base\Math\gtx\matrix_major_storage.inl" />
    <None Include="include\Base\Math\gtx\matrix_operation.inl" />
    <None Include="include\Base\Math\gtx\matrix_query.inl" />
    <None Include="include\Base\Math\gtx\matrix_transform_2d.inl" />
    <None Include="include\Base\Math\gtx\mixed_product.inl" />
    <None Include="include\Base\Math\gtx\norm.inl" />
    <None Include="include\Base\Math\gtx\normal.inl" />
    <None Include="include\Base\Math\gtx\normalize_dot.inl" />
    <None Include="include\Base\Math\gtx\number_precision.inl" />
    <None Include="include\Base\Math\gtx\optimum_pow.inl" />
    <None Include="include\Base\Math\gtx\orthonormalize.inl" />
    <None Include="include\Base\Math\gtx\perpendicular.inl" />
    <None Include="include\Base\Math\gtx\polar_coordinates.inl" />
    <None Include="include\Base\Math\gtx\projection.inl" />
    <None Include="include\Base\Math\gtx\quaternion.inl" />
    <None Include="include\Base\Math\gtx\raw_data.inl" />
    <None Include="include\Base\Math\gtx\rotate_normalized_axis.inl" />
    <None Include="include\Base\Math\gtx\rotate_vector.inl" />
    <None Include="include\Base\Math\gtx\scalar_relational.inl" />
    <None Include="include\Base\Math\gtx\spline.inl" />
    <None Include="include\Base\Math\gtx\std_based_type.inl" />
    <None Include="include\Base\Math\gtx\string_cast.inl" />
    <None Include="include\Base\Math\gtx\texture.inl" />
    <None Include="include\Base\Math\gtx\transform.inl" />
    <None Include="include\Base\Math\gtx\transform2.inl" />
    <None Include="include\Base\Math\gtx\type_aligned.inl" />
    <None Include="include\Base\Math\gtx\type_trait.inl" />
    <None Include="include\Base\Math\gtx\vector_angle.inl" />
    <None Include="include\Base\Math\gtx\vector_query.inl" />
    <None Include="include\Base\Math\gtx\wrap.inl" />
  </ItemGroup>
</Project>