<?xml version="1.0" encoding="utf-8"?>
<Project ToolsVersion="4.0" xmlns="http://schemas.microsoft.com/developer/msbuild/2003">
  <ItemGroup>
    <Filter Include="Source Files">
      <UniqueIdentifier>{4FC737F1-C7A5-4376-A066-2A32D752A2FF}</UniqueIdentifier>
      <Extensions>cpp;c;cc;cxx;def;odl;idl;hpj;bat;asm;asmx</Extensions>
    </Filter>
    <Filter Include="Header Files">
      <UniqueIdentifier>{93995380-89BD-4b04-88EB-625FBE52EBFB}</UniqueIdentifier>
      <Extensions>h;hh;hpp;hxx;hm;inl;inc;xsd</Extensions>
    </Filter>
    <Filter Include="Resource Files">
      <UniqueIdentifier>{67DA6AB6-F800-4c08-8B7A-83BB121AAD01}</UniqueIdentifier>
      <Extensions>rc;ico;cur;bmp;dlg;rc2;rct;bin;rgs;gif;jpg;jpeg;jpe;resx;tiff;tif;png;wav;mfcribbon-ms</Extensions>
    </Filter>
  </ItemGroup>
  <ItemGroup>
    <ClCompile Include="dllmain.cpp">
      <Filter>Source Files</Filter>
    </ClCompile>
    <ClCompile Include="src\cbstring\bsafe.c">
      <Filter>Source Files</Filter>
    </ClCompile>
    <ClCompile Include="src\cbstring\bstraux.c">
      <Filter>Source Files</Filter>
    </ClCompile>
    <ClCompile Include="src\cbstring\bstrlib.c">
      <Filter>Source Files</Filter>
    </ClCompile>
    <ClCompile Include="src\ControlFlowGraph.cpp">
      <Filter>Source Files</Filter>
    </ClCompile>
    <ClCompile Include="src\ControlFlowGraphUtils.cpp">
      <Filter>Source Files</Filter>
    </ClCompile>
    <ClCompile Include="src\DataTypeAnalysis.cpp">
      <Filter>Source Files</Filter>
    </ClCompile>
    <ClCompile Include="src\Declaration.cpp">
      <Filter>Source Files</Filter>
    </ClCompile>
    <ClCompile Include="src\decode.cpp">
      <Filter>Source Files</Filter>
    </ClCompile>
    <ClCompile Include="src\HLSLcc.cpp">
      <Filter>Source Files</Filter>
    </ClCompile>
    <ClCompile Include="src\HLSLccToolkit.cpp">
      <Filter>Source Files</Filter>
    </ClCompile>
    <ClCompile Include="src\HLSLCrossCompilerContext.cpp">
      <Filter>Source Files</Filter>
    </ClCompile>
    <ClCompile Include="src\Instruction.cpp">
      <Filter>Source Files</Filter>
    </ClCompile>
    <ClCompile Include="src\LoopTransform.cpp">
      <Filter>Source Files</Filter>
    </ClCompile>
    <ClCompile Include="src\Operand.cpp">
      <Filter>Source Files</Filter>
    </ClCompile>
    <ClCompile Include="src\reflect.cpp">
      <Filter>Source Files</Filter>
    </ClCompile>
    <ClCompile Include="src\Shader.cpp">
      <Filter>Source Files</Filter>
    </ClCompile>
    <ClCompile Include="src\ShaderInfo.cpp">
      <Filter>Source Files</Filter>
    </ClCompile>
    <ClCompile Include="src\toGLSL.cpp">
      <Filter>Source Files</Filter>
    </ClCompile>
    <ClCompile Include="src\toGLSLDeclaration.cpp">
      <Filter>Source Files</Filter>
    </ClCompile>
    <ClCompile Include="src\toGLSLInstruction.cpp">
      <Filter>Source Files</Filter>
    </ClCompile>
    <ClCompile Include="src\toGLSLOperand.cpp">
      <Filter>Source Files</Filter>
    </ClCompile>
    <ClCompile Include="src\toMetal.cpp">
      <Filter>Source Files</Filter>
    </ClCompile>
    <ClCompile Include="src\toMetalDeclaration.cpp">
      <Filter>Source Files</Filter>
    </ClCompile>
    <ClCompile Include="src\toMetalInstruction.cpp">
      <Filter>Source Files</Filter>
    </ClCompile>
    <ClCompile Include="src\toMetalOperand.cpp">
      <Filter>Source Files</Filter>
    </ClCompile>
    <ClCompile Include="src\UseDefineChains.cpp">
      <Filter>Source Files</Filter>
    </ClCompile>
  </ItemGroup>
  <ItemGroup>
    <ClInclude Include="include\growing_array.h">
      <Filter>Header Files</Filter>
    </ClInclude>
    <ClInclude Include="include\hlslcc.h">
      <Filter>Header Files</Filter>
    </ClInclude>
    <ClInclude Include="include\pstdint.h">
      <Filter>Header Files</Filter>
    </ClInclude>
    <ClInclude Include="include\ShaderInfo.h">
      <Filter>Header Files</Filter>
    </ClInclude>
    <ClInclude Include="src\cbstring\bsafe.h">
      <Filter>Header Files</Filter>
    </ClInclude>
    <ClInclude Include="src\cbstring\bstraux.h">
      <Filter>Header Files</Filter>
    </ClInclude>
    <ClInclude Include="src\cbstring\bstrlib.h">
      <Filter>Header Files</Filter>
    </ClInclude>
    <ClInclude Include="src\internal_includes\ControlFlowGraph.h">
      <Filter>Header Files</Filter>
    </ClInclude>
    <ClInclude Include="src\internal_includes\ControlFlowGraphUtils.h">
      <Filter>Header Files</Filter>
    </ClInclude>
    <ClInclude Include="src\internal_includes\DataTypeAnalysis.h">
      <Filter>Header Files</Filter>
    </ClInclude>
    <ClInclude Include="src\internal_includes\debug.h">
      <Filter>Header Files</Filter>
    </ClInclude>
    <ClInclude Include="src\internal_includes\Declaration.h">
      <Filter>Header Files</Filter>
    </ClInclude>
    <ClInclude Include="src\internal_includes\decode.h">
      <Filter>Header Files</Filter>
    </ClInclude>
    <ClInclude Include="src\internal_includes\HLSLccToolkit.h">
      <Filter>Header Files</Filter>
    </ClInclude>
    <ClInclude Include="src\internal_includes\HLSLCrossCompilerContext.h">
      <Filter>Header Files</Filter>
    </ClInclude>
    <ClInclude Include="src\internal_includes\Instruction.h">
      <Filter>Header Files</Filter>
    </ClInclude>
    <ClInclude Include="src\internal_includes\languages.h">
      <Filter>Header Files</Filter>
    </ClInclude>
    <ClInclude Include="src\internal_includes\LoopTransform.h">
      <Filter>Header Files</Filter>
    </ClInclude>
    <ClInclude Include="src\internal_includes\Operand.h">
      <Filter>Header Files</Filter>
    </ClInclude>
    <ClInclude Include="src\internal_includes\reflect.h">
      <Filter>Header Files</Filter>
    </ClInclude>
    <ClInclude Include="src\internal_includes\Shader.h">
      <Filter>Header Files</Filter>
    </ClInclude>
    <ClInclude Include="src\internal_includes\toGLSL.h">
      <Filter>Header Files</Filter>
    </ClInclude>
    <ClInclude Include="src\internal_includes\toGLSLOperand.h">
      <Filter>Header Files</Filter>
    </ClInclude>
    <ClInclude Include="src\internal_includes\tokens.h">
      <Filter>Header Files</Filter>
    </ClInclude>
    <ClInclude Include="src\internal_includes\toMetal.h">
      <Filter>Header Files</Filter>
    </ClInclude>
    <ClInclude Include="src\internal_includes\toMetalDeclaration.h">
      <Filter>Header Files</Filter>
    </ClInclude>
    <ClInclude Include="src\internal_includes\Translator.h">
      <Filter>Header Files</Filter>
    </ClInclude>
    <ClInclude Include="src\internal_includes\UseDefineChains.h">
      <Filter>Header Files</Filter>
    </ClInclude>
  </ItemGroup>
</Project>